{
    "_meta": {
        "hash": {
            "sha256": "4731c5022396166b0260534b840614f6459787e6135a767359583a35c9eb2266"
        },
        "pipfile-spec": 6,
        "requires": {
            "python_version": "3.8"
        },
        "sources": [
            {
                "name": "pypi",
                "url": "https://pypi.python.org/simple",
                "verify_ssl": true
            }
        ]
    },
    "default": {
        "rel": {
            "hashes": [
                "sha256:3d06e3630739406723944207177f163a0e615e5a46434e5288c9e63d2b9d16de",
                "sha256:451e39acdeeda458402d078add1c60be36b72ee5747ea5274831a8e46d765768",
                "sha256:5f46ed6ef381b1a81d650abe321894f59020d18f347df3005f16ca1758589599"
            ],
            "index": "pypi",
            "version": "==0.4.7"
        },
        "websocket-client": {
            "hashes": [
                "sha256:50b21db0058f7a953d67cc0445be4b948d7fc196ecbeb8083d68d94628e4abf6",
                "sha256:722b171be00f2b90e1d4fb2f2b53146a536ca38db1da8ff49c972a4e1365d0ef"
            ],
            "index": "pypi",
            "version": "==1.3.2"
        }
    },
    "develop": {
        "model": {
            "path": "./../model"
        }
    }
}
