{
    "_meta": {
        "hash": {
            "sha256": "0d15acd4e96e6b51d019de841f11f366fbf996759103b1771b3b889f63428401"
        },
        "pipfile-spec": 6,
        "requires": {
            "python_version": "3.8"
        },
        "sources": [
            {
                "name": "pypi",
                "url": "https://pypi.python.org/simple",
                "verify_ssl": true
            }
        ]
    },
    "default": {},
    "develop": {
        "model": {
            "path": "./../model"
        }
    }
}
